
Microsoft Visual Studio Solution File, Format Version 12.00
# Visual Studio Version 16
VisualStudioVersion = 16.0.29728.190
MinimumVisualStudioVersion = 10.0.40219.1
Project("{9A19103F-16F7-4668-BE54-9A1E7A4F7556}") = "SimpleOnlineStoreRepositoryCore", "SimpleOnlineStoreRepositoryCore\SimpleOnlineStoreRepositoryCore.csproj", "{444D9318-1D92-49AC-A2D3-C7FFD99B84D2}"
EndProject
Project("{FAE04EC0-301F-11D3-BF4B-00C04F79EFBC}") = "OnlineStore", "OnlineStore\OnlineStore.csproj", "{01E076F5-A8EE-4B7C-AA89-D1D5F81EFE17}"
EndProject
Global
	GlobalSection(SolutionConfigurationPlatforms) = preSolution
		Debug|Any CPU = Debug|Any CPU
		Release|Any CPU = Release|Any CPU
	EndGlobalSection
	GlobalSection(ProjectConfigurationPlatforms) = postSolution
		{444D9318-1D92-49AC-A2D3-C7FFD99B84D2}.Debug|Any CPU.ActiveCfg = Debug|Any CPU
		{444D9318-1D92-49AC-A2D3-C7FFD99B84D2}.Debug|Any CPU.Build.0 = Debug|Any CPU
		{444D9318-1D92-49AC-A2D3-C7FFD99B84D2}.Release|Any CPU.ActiveCfg = Release|Any CPU
		{444D9318-1D92-49AC-A2D3-C7FFD99B84D2}.Release|Any CPU.Build.0 = Release|Any CPU
		{01E076F5-A8EE-4B7C-AA89-D1D5F81EFE17}.Debug|Any CPU.ActiveCfg = Debug|Any CPU
		{01E076F5-A8EE-4B7C-AA89-D1D5F81EFE17}.Debug|Any CPU.Build.0 = Debug|Any CPU
		{01E076F5-A8EE-4B7C-AA89-D1D5F81EFE17}.Release|Any CPU.ActiveCfg = Release|Any CPU
		{01E076F5-A8EE-4B7C-AA89-D1D5F81EFE17}.Release|Any CPU.Build.0 = Release|Any CPU
	EndGlobalSection
	GlobalSection(SolutionProperties) = preSolution
		HideSolutionNode = FALSE
	EndGlobalSection
	GlobalSection(ExtensibilityGlobals) = postSolution
		SolutionGuid = {D17FE72A-9C02-4D8D-B590-F802E0F7EB4D}
	EndGlobalSection
EndGlobal
